
Microsoft Visual Studio Solution File, Format Version 12.00
# Visual Studio 14
VisualStudioVersion = 14.0.25420.1
MinimumVisualStudioVersion = 10.0.40219.1
Project("{FAE04EC0-301F-11D3-BF4B-00C04F79EFBC}") = "Cronometro", "Cronometro\Cronometro.csproj", "{72497714-1B14-477D-BDB1-154E9FEC1846}"
EndProject
Project("{FAE04EC0-301F-11D3-BF4B-00C04F79EFBC}") = "Checklist", "Checklist\Checklist.csproj", "{8452A60E-3FC5-40BF-8578-790BDF0D6C37}"
EndProject
Project("{FAE04EC0-301F-11D3-BF4B-00C04F79EFBC}") = "ConversorGastoHoras", "ConversorGastoHoras\ConversorGastoHoras.csproj", "{0BE2500B-BA38-444A-8107-B1848D4A6412}"
EndProject
Project("{FAE04EC0-301F-11D3-BF4B-00C04F79EFBC}") = "ListaCusto", "ListaCusto\ListaCusto.csproj", "{BB42CB90-76C7-448E-BC83-67DA9B50A954}"
EndProject
Global
	GlobalSection(SolutionConfigurationPlatforms) = preSolution
		Debug|Any CPU = Debug|Any CPU
		Release|Any CPU = Release|Any CPU
	EndGlobalSection
	GlobalSection(ProjectConfigurationPlatforms) = postSolution
		{72497714-1B14-477D-BDB1-154E9FEC1846}.Debug|Any CPU.ActiveCfg = Debug|Any CPU
		{72497714-1B14-477D-BDB1-154E9FEC1846}.Debug|Any CPU.Build.0 = Debug|Any CPU
		{72497714-1B14-477D-BDB1-154E9FEC1846}.Release|Any CPU.ActiveCfg = Release|Any CPU
		{72497714-1B14-477D-BDB1-154E9FEC1846}.Release|Any CPU.Build.0 = Release|Any CPU
		{8452A60E-3FC5-40BF-8578-790BDF0D6C37}.Debug|Any CPU.ActiveCfg = Debug|Any CPU
		{8452A60E-3FC5-40BF-8578-790BDF0D6C37}.Debug|Any CPU.Build.0 = Debug|Any CPU
		{8452A60E-3FC5-40BF-8578-790BDF0D6C37}.Release|Any CPU.ActiveCfg = Release|Any CPU
		{8452A60E-3FC5-40BF-8578-790BDF0D6C37}.Release|Any CPU.Build.0 = Release|Any CPU
		{0BE2500B-BA38-444A-8107-B1848D4A6412}.Debug|Any CPU.ActiveCfg = Debug|Any CPU
		{0BE2500B-BA38-444A-8107-B1848D4A6412}.Debug|Any CPU.Build.0 = Debug|Any CPU
		{0BE2500B-BA38-444A-8107-B1848D4A6412}.Release|Any CPU.ActiveCfg = Release|Any CPU
		{0BE2500B-BA38-444A-8107-B1848D4A6412}.Release|Any CPU.Build.0 = Release|Any CPU
		{BB42CB90-76C7-448E-BC83-67DA9B50A954}.Debug|Any CPU.ActiveCfg = Debug|Any CPU
		{BB42CB90-76C7-448E-BC83-67DA9B50A954}.Debug|Any CPU.Build.0 = Debug|Any CPU
		{BB42CB90-76C7-448E-BC83-67DA9B50A954}.Release|Any CPU.ActiveCfg = Release|Any CPU
		{BB42CB90-76C7-448E-BC83-67DA9B50A954}.Release|Any CPU.Build.0 = Release|Any CPU
	EndGlobalSection
	GlobalSection(SolutionProperties) = preSolution
		HideSolutionNode = FALSE
	EndGlobalSection
EndGlobal
